
Microsoft Visual Studio Solution File, Format Version 12.00
# Visual Studio Version 17
VisualStudioVersion = 17.5.33530.505
MinimumVisualStudioVersion = 10.0.40219.1
Project("{FAE04EC0-301F-11D3-BF4B-00C04F79EFBC}") = "Projeto04", "Projeto04\Projeto04.csproj", "{677A702C-311B-4BDF-9952-04890E5CEA6D}"
EndProject
Global
	GlobalSection(SolutionConfigurationPlatforms) = preSolution
		Debug|Any CPU = Debug|Any CPU
		Release|Any CPU = Release|Any CPU
	EndGlobalSection
	GlobalSection(ProjectConfigurationPlatforms) = postSolution
		{677A702C-311B-4BDF-9952-04890E5CEA6D}.Debug|Any CPU.ActiveCfg = Debug|Any CPU
		{677A702C-311B-4BDF-9952-04890E5CEA6D}.Debug|Any CPU.Build.0 = Debug|Any CPU
		{677A702C-311B-4BDF-9952-04890E5CEA6D}.Release|Any CPU.ActiveCfg = Release|Any CPU
		{677A702C-311B-4BDF-9952-04890E5CEA6D}.Release|Any CPU.Build.0 = Release|Any CPU
	EndGlobalSection
	GlobalSection(SolutionProperties) = preSolution
		HideSolutionNode = FALSE
	EndGlobalSection
	GlobalSection(ExtensibilityGlobals) = postSolution
		SolutionGuid = {8D5BF37F-1BFD-4D9A-81E1-D8112EA0697C}
	EndGlobalSection
EndGlobal
